// !$*UTF8*$!
{
	archiveVersion = 1;
	classes = {
	};
	objectVersion = 46;
	objects = {

/* Begin PBXBuildFile section */
		09DF1F96185D6EC20084F3EF /* Foundation.framework in Frameworks */ = {isa = PBXBuildFile; fileRef = 09DF1F95185D6EC20084F3EF /* Foundation.framework */; };
		09DF1F98185D6EC20084F3EF /* CoreGraphics.framework in Frameworks */ = {isa = PBXBuildFile; fileRef = 09DF1F97185D6EC20084F3EF /* CoreGraphics.framework */; };
		09DF1F9A185D6EC20084F3EF /* UIKit.framework in Frameworks */ = {isa = PBXBuildFile; fileRef = 09DF1F99185D6EC20084F3EF /* UIKit.framework */; };
		09DF1FA0185D6EC20084F3EF /* InfoPlist.strings in Resources */ = {isa = PBXBuildFile; fileRef = 09DF1F9E185D6EC20084F3EF /* InfoPlist.strings */; };
		09DF1FA2185D6EC20084F3EF /* main.m in Sources */ = {isa = PBXBuildFile; fileRef = 09DF1FA1185D6EC20084F3EF /* main.m */; };
		09DF1FA6185D6EC20084F3EF /* AppDelegate.m in Sources */ = {isa = PBXBuildFile; fileRef = 09DF1FA5185D6EC20084F3EF /* AppDelegate.m */; };
		09DF1FA8185D6EC20084F3EF /* Images.xcassets in Resources */ = {isa = PBXBuildFile; fileRef = 09DF1FA7185D6EC20084F3EF /* Images.xcassets */; };
		09DF1FAF185D6EC20084F3EF /* XCTest.framework in Frameworks */ = {isa = PBXBuildFile; fileRef = 09DF1FAE185D6EC20084F3EF /* XCTest.framework */; };
		09DF1FB0185D6EC20084F3EF /* Foundation.framework in Frameworks */ = {isa = PBXBuildFile; fileRef = 09DF1F95185D6EC20084F3EF /* Foundation.framework */; };
		09DF1FB1185D6EC20084F3EF /* UIKit.framework in Frameworks */ = {isa = PBXBuildFile; fileRef = 09DF1F99185D6EC20084F3EF /* UIKit.framework */; };
		09DF1FB9185D6EC20084F3EF /* InfoPlist.strings in Resources */ = {isa = PBXBuildFile; fileRef = 09DF1FB7185D6EC20084F3EF /* InfoPlist.strings */; };
		09DF1FBB185D6EC20084F3EF /* YouGTests.m in Sources */ = {isa = PBXBuildFile; fileRef = 09DF1FBA185D6EC20084F3EF /* YouGTests.m */; };
		09DF1FC7185D6EE80084F3EF /* graphController.m in Sources */ = {isa = PBXBuildFile; fileRef = 09DF1FC5185D6EE80084F3EF /* graphController.m */; };
		09DF1FC8185D6EE80084F3EF /* graphController.xib in Resources */ = {isa = PBXBuildFile; fileRef = 09DF1FC6185D6EE80084F3EF /* graphController.xib */; };
		09DF1FCA185D70E10084F3EF /* Parse.framework in Frameworks */ = {isa = PBXBuildFile; fileRef = 09DF1FC9185D70E10084F3EF /* Parse.framework */; };
		09DF1FCC185D71040084F3EF /* AudioToolbox.framework in Frameworks */ = {isa = PBXBuildFile; fileRef = 09DF1FCB185D71040084F3EF /* AudioToolbox.framework */; };
		09DF1FD9185D71970084F3EF /* Accounts.framework in Frameworks */ = {isa = PBXBuildFile; fileRef = 09DF1FCD185D71970084F3EF /* Accounts.framework */; };
		09DF1FDA185D71970084F3EF /* AdSupport.framework in Frameworks */ = {isa = PBXBuildFile; fileRef = 09DF1FCE185D71970084F3EF /* AdSupport.framework */; };
		09DF1FDB185D71970084F3EF /* CFNetwork.framework in Frameworks */ = {isa = PBXBuildFile; fileRef = 09DF1FCF185D71970084F3EF /* CFNetwork.framework */; };
		09DF1FDC185D71970084F3EF /* CoreLocation.framework in Frameworks */ = {isa = PBXBuildFile; fileRef = 09DF1FD0185D71970084F3EF /* CoreLocation.framework */; };
		09DF1FDD185D71970084F3EF /* libsqlite3.dylib in Frameworks */ = {isa = PBXBuildFile; fileRef = 09DF1FD1185D71970084F3EF /* libsqlite3.dylib */; };
		09DF1FDE185D71970084F3EF /* libz.1.1.3.dylib in Frameworks */ = {isa = PBXBuildFile; fileRef = 09DF1FD2185D71970084F3EF /* libz.1.1.3.dylib */; };
		09DF1FDF185D71970084F3EF /* MobileCoreServices.framework in Frameworks */ = {isa = PBXBuildFile; fileRef = 09DF1FD3185D71970084F3EF /* MobileCoreServices.framework */; };
		09DF1FE0185D71970084F3EF /* QuartzCore.framework in Frameworks */ = {isa = PBXBuildFile; fileRef = 09DF1FD4185D71970084F3EF /* QuartzCore.framework */; };
		09DF1FE1185D71970084F3EF /* Security.framework in Frameworks */ = {isa = PBXBuildFile; fileRef = 09DF1FD5185D71970084F3EF /* Security.framework */; };
		09DF1FE2185D71970084F3EF /* Social.framework in Frameworks */ = {isa = PBXBuildFile; fileRef = 09DF1FD6185D71970084F3EF /* Social.framework */; };
		09DF1FE3185D71970084F3EF /* StoreKit.framework in Frameworks */ = {isa = PBXBuildFile; fileRef = 09DF1FD7185D71970084F3EF /* StoreKit.framework */; };
		09DF1FE4185D71970084F3EF /* SystemConfiguration.framework in Frameworks */ = {isa = PBXBuildFile; fileRef = 09DF1FD8185D71970084F3EF /* SystemConfiguration.framework */; };
		09DF2009185D81390084F3EF /* 1.png in Resources */ = {isa = PBXBuildFile; fileRef = 09DF2004185D81390084F3EF /* 1.png */; };
		09DF200A185D81390084F3EF /* 2.png in Resources */ = {isa = PBXBuildFile; fileRef = 09DF2005185D81390084F3EF /* 2.png */; };
		09DF200B185D81390084F3EF /* 3.png in Resources */ = {isa = PBXBuildFile; fileRef = 09DF2006185D81390084F3EF /* 3.png */; };
		09DF200C185D81390084F3EF /* 4.png in Resources */ = {isa = PBXBuildFile; fileRef = 09DF2007185D81390084F3EF /* 4.png */; };
		09DF200D185D81390084F3EF /* 5.png in Resources */ = {isa = PBXBuildFile; fileRef = 09DF2008185D81390084F3EF /* 5.png */; };
		09DF2016185D85000084F3EF /* tabbarcontroller.m in Sources */ = {isa = PBXBuildFile; fileRef = 09DF2014185D85000084F3EF /* tabbarcontroller.m */; };
		09DF2017185D85000084F3EF /* tabbarcontroller.xib in Resources */ = {isa = PBXBuildFile; fileRef = 09DF2015185D85000084F3EF /* tabbarcontroller.xib */; };
		09DF201B185D877D0084F3EF /* PostIssue.m in Sources */ = {isa = PBXBuildFile; fileRef = 09DF2019185D877D0084F3EF /* PostIssue.m */; };
		09DF201C185D877D0084F3EF /* PostIssue.xib in Resources */ = {isa = PBXBuildFile; fileRef = 09DF201A185D877D0084F3EF /* PostIssue.xib */; };
		09DF2020185D89D10084F3EF /* TimeLine.m in Sources */ = {isa = PBXBuildFile; fileRef = 09DF201E185D89D10084F3EF /* TimeLine.m */; };
		09DF2021185D89D10084F3EF /* TimeLine.xib in Resources */ = {isa = PBXBuildFile; fileRef = 09DF201F185D89D10084F3EF /* TimeLine.xib */; };
/* End PBXBuildFile section */

/* Begin PBXContainerItemProxy section */
		09DF1FB2185D6EC20084F3EF /* PBXContainerItemProxy */ = {
			isa = PBXContainerItemProxy;
			containerPortal = 09DF1F8A185D6EC20084F3EF /* Project object */;
			proxyType = 1;
			remoteGlobalIDString = 09DF1F91185D6EC20084F3EF;
			remoteInfo = YouG;
		};
/* End PBXContainerItemProxy section */

/* Begin PBXFileReference section */
		09DF1F92185D6EC20084F3EF /* YouG.app */ = {isa = PBXFileReference; explicitFileType = wrapper.application; includeInIndex = 0; path = YouG.app; sourceTree = BUILT_PRODUCTS_DIR; };
		09DF1F95185D6EC20084F3EF /* Foundation.framework */ = {isa = PBXFileReference; lastKnownFileType = wrapper.framework; name = Foundation.framework; path = System/Library/Frameworks/Foundation.framework; sourceTree = SDKROOT; };
		09DF1F97185D6EC20084F3EF /* CoreGraphics.framework */ = {isa = PBXFileReference; lastKnownFileType = wrapper.framework; name = CoreGraphics.framework; path = System/Library/Frameworks/CoreGraphics.framework; sourceTree = SDKROOT; };
		09DF1F99185D6EC20084F3EF /* UIKit.framework */ = {isa = PBXFileReference; lastKnownFileType = wrapper.framework; name = UIKit.framework; path = System/Library/Frameworks/UIKit.framework; sourceTree = SDKROOT; };
		09DF1F9D185D6EC20084F3EF /* YouG-Info.plist */ = {isa = PBXFileReference; lastKnownFileType = text.plist.xml; path = "YouG-Info.plist"; sourceTree = "<group>"; };
		09DF1F9F185D6EC20084F3EF /* en */ = {isa = PBXFileReference; lastKnownFileType = text.plist.strings; name = en; path = en.lproj/InfoPlist.strings; sourceTree = "<group>"; };
		09DF1FA1185D6EC20084F3EF /* main.m */ = {isa = PBXFileReference; lastKnownFileType = sourcecode.c.objc; path = main.m; sourceTree = "<group>"; };
		09DF1FA3185D6EC20084F3EF /* YouG-Prefix.pch */ = {isa = PBXFileReference; lastKnownFileType = sourcecode.c.h; path = "YouG-Prefix.pch"; sourceTree = "<group>"; };
		09DF1FA4185D6EC20084F3EF /* AppDelegate.h */ = {isa = PBXFileReference; lastKnownFileType = sourcecode.c.h; path = AppDelegate.h; sourceTree = "<group>"; };
		09DF1FA5185D6EC20084F3EF /* AppDelegate.m */ = {isa = PBXFileReference; lastKnownFileType = sourcecode.c.objc; path = AppDelegate.m; sourceTree = "<group>"; };
		09DF1FA7185D6EC20084F3EF /* Images.xcassets */ = {isa = PBXFileReference; lastKnownFileType = folder.assetcatalog; path = Images.xcassets; sourceTree = "<group>"; };
		09DF1FAD185D6EC20084F3EF /* YouGTests.xctest */ = {isa = PBXFileReference; explicitFileType = wrapper.cfbundle; includeInIndex = 0; path = YouGTests.xctest; sourceTree = BUILT_PRODUCTS_DIR; };
		09DF1FAE185D6EC20084F3EF /* XCTest.framework */ = {isa = PBXFileReference; lastKnownFileType = wrapper.framework; name = XCTest.framework; path = Library/Frameworks/XCTest.framework; sourceTree = DEVELOPER_DIR; };
		09DF1FB6185D6EC20084F3EF /* YouGTests-Info.plist */ = {isa = PBXFileReference; lastKnownFileType = text.plist.xml; path = "YouGTests-Info.plist"; sourceTree = "<group>"; };
		09DF1FB8185D6EC20084F3EF /* en */ = {isa = PBXFileReference; lastKnownFileType = text.plist.strings; name = en; path = en.lproj/InfoPlist.strings; sourceTree = "<group>"; };
		09DF1FBA185D6EC20084F3EF /* YouGTests.m */ = {isa = PBXFileReference; lastKnownFileType = sourcecode.c.objc; path = YouGTests.m; sourceTree = "<group>"; };
		09DF1FC4185D6EE80084F3EF /* graphController.h */ = {isa = PBXFileReference; fileEncoding = 4; lastKnownFileType = sourcecode.c.h; path = graphController.h; sourceTree = "<group>"; };
		09DF1FC5185D6EE80084F3EF /* graphController.m */ = {isa = PBXFileReference; fileEncoding = 4; lastKnownFileType = sourcecode.c.objc; path = graphController.m; sourceTree = "<group>"; };
		09DF1FC6185D6EE80084F3EF /* graphController.xib */ = {isa = PBXFileReference; fileEncoding = 4; lastKnownFileType = file.xib; path = graphController.xib; sourceTree = "<group>"; };
		09DF1FC9185D70E10084F3EF /* Parse.framework */ = {isa = PBXFileReference; lastKnownFileType = wrapper.framework; name = Parse.framework; path = ../../Parse.framework; sourceTree = "<group>"; };
		09DF1FCB185D71040084F3EF /* AudioToolbox.framework */ = {isa = PBXFileReference; lastKnownFileType = wrapper.framework; name = AudioToolbox.framework; path = System/Library/Frameworks/AudioToolbox.framework; sourceTree = SDKROOT; };
		09DF1FCD185D71970084F3EF /* Accounts.framework */ = {isa = PBXFileReference; lastKnownFileType = wrapper.framework; name = Accounts.framework; path = System/Library/Frameworks/Accounts.framework; sourceTree = SDKROOT; };
		09DF1FCE185D71970084F3EF /* AdSupport.framework */ = {isa = PBXFileReference; lastKnownFileType = wrapper.framework; name = AdSupport.framework; path = System/Library/Frameworks/AdSupport.framework; sourceTree = SDKROOT; };
		09DF1FCF185D71970084F3EF /* CFNetwork.framework */ = {isa = PBXFileReference; lastKnownFileType = wrapper.framework; name = CFNetwork.framework; path = System/Library/Frameworks/CFNetwork.framework; sourceTree = SDKROOT; };
		09DF1FD0185D71970084F3EF /* CoreLocation.framework */ = {isa = PBXFileReference; lastKnownFileType = wrapper.framework; name = CoreLocation.framework; path = System/Library/Frameworks/CoreLocation.framework; sourceTree = SDKROOT; };
		09DF1FD1185D71970084F3EF /* libsqlite3.dylib */ = {isa = PBXFileReference; lastKnownFileType = "compiled.mach-o.dylib"; name = libsqlite3.dylib; path = usr/lib/libsqlite3.dylib; sourceTree = SDKROOT; };
		09DF1FD2185D71970084F3EF /* libz.1.1.3.dylib */ = {isa = PBXFileReference; lastKnownFileType = "compiled.mach-o.dylib"; name = libz.1.1.3.dylib; path = usr/lib/libz.1.1.3.dylib; sourceTree = SDKROOT; };
		09DF1FD3185D71970084F3EF /* MobileCoreServices.framework */ = {isa = PBXFileReference; lastKnownFileType = wrapper.framework; name = MobileCoreServices.framework; path = System/Library/Frameworks/MobileCoreServices.framework; sourceTree = SDKROOT; };
		09DF1FD4185D71970084F3EF /* QuartzCore.framework */ = {isa = PBXFileReference; lastKnownFileType = wrapper.framework; name = QuartzCore.framework; path = System/Library/Frameworks/QuartzCore.framework; sourceTree = SDKROOT; };
		09DF1FD5185D71970084F3EF /* Security.framework */ = {isa = PBXFileReference; lastKnownFileType = wrapper.framework; name = Security.framework; path = System/Library/Frameworks/Security.framework; sourceTree = SDKROOT; };
		09DF1FD6185D71970084F3EF /* Social.framework */ = {isa = PBXFileReference; lastKnownFileType = wrapper.framework; name = Social.framework; path = System/Library/Frameworks/Social.framework; sourceTree = SDKROOT; };
		09DF1FD7185D71970084F3EF /* StoreKit.framework */ = {isa = PBXFileReference; lastKnownFileType = wrapper.framework; name = StoreKit.framework; path = System/Library/Frameworks/StoreKit.framework; sourceTree = SDKROOT; };
		09DF1FD8185D71970084F3EF /* SystemConfiguration.framework */ = {isa = PBXFileReference; lastKnownFileType = wrapper.framework; name = SystemConfiguration.framework; path = System/Library/Frameworks/SystemConfiguration.framework; sourceTree = SDKROOT; };
		09DF2004185D81390084F3EF /* 1.png */ = {isa = PBXFileReference; lastKnownFileType = image.png; name = 1.png; path = ../../../../yougAssets/1.png; sourceTree = "<group>"; };
		09DF2005185D81390084F3EF /* 2.png */ = {isa = PBXFileReference; lastKnownFileType = image.png; name = 2.png; path = ../../../../yougAssets/2.png; sourceTree = "<group>"; };
		09DF2006185D81390084F3EF /* 3.png */ = {isa = PBXFileReference; lastKnownFileType = image.png; name = 3.png; path = ../../../../yougAssets/3.png; sourceTree = "<group>"; };
		09DF2007185D81390084F3EF /* 4.png */ = {isa = PBXFileReference; lastKnownFileType = image.png; name = 4.png; path = ../../../../yougAssets/4.png; sourceTree = "<group>"; };
		09DF2008185D81390084F3EF /* 5.png */ = {isa = PBXFileReference; lastKnownFileType = image.png; name = 5.png; path = ../../../../yougAssets/5.png; sourceTree = "<group>"; };
		09DF2013185D85000084F3EF /* tabbarcontroller.h */ = {isa = PBXFileReference; fileEncoding = 4; lastKnownFileType = sourcecode.c.h; path = tabbarcontroller.h; sourceTree = "<group>"; };
		09DF2014185D85000084F3EF /* tabbarcontroller.m */ = {isa = PBXFileReference; fileEncoding = 4; lastKnownFileType = sourcecode.c.objc; path = tabbarcontroller.m; sourceTree = "<group>"; };
		09DF2015185D85000084F3EF /* tabbarcontroller.xib */ = {isa = PBXFileReference; fileEncoding = 4; lastKnownFileType = file.xib; path = tabbarcontroller.xib; sourceTree = "<group>"; };
		09DF2018185D877D0084F3EF /* PostIssue.h */ = {isa = PBXFileReference; fileEncoding = 4; lastKnownFileType = sourcecode.c.h; path = PostIssue.h; sourceTree = "<group>"; };
		09DF2019185D877D0084F3EF /* PostIssue.m */ = {isa = PBXFileReference; fileEncoding = 4; lastKnownFileType = sourcecode.c.objc; path = PostIssue.m; sourceTree = "<group>"; };
		09DF201A185D877D0084F3EF /* PostIssue.xib */ = {isa = PBXFileReference; fileEncoding = 4; lastKnownFileType = file.xib; path = PostIssue.xib; sourceTree = "<group>"; };
		09DF201D185D89D10084F3EF /* TimeLine.h */ = {isa = PBXFileReference; fileEncoding = 4; lastKnownFileType = sourcecode.c.h; path = TimeLine.h; sourceTree = "<group>"; };
		09DF201E185D89D10084F3EF /* TimeLine.m */ = {isa = PBXFileReference; fileEncoding = 4; lastKnownFileType = sourcecode.c.objc; path = TimeLine.m; sourceTree = "<group>"; };
		09DF201F185D89D10084F3EF /* TimeLine.xib */ = {isa = PBXFileReference; fileEncoding = 4; lastKnownFileType = file.xib; path = TimeLine.xib; sourceTree = "<group>"; };
/* End PBXFileReference section */

/* Begin PBXFrameworksBuildPhase section */
		09DF1F8F185D6EC20084F3EF /* Frameworks */ = {
			isa = PBXFrameworksBuildPhase;
			buildActionMask = 2147483647;
			files = (
				09DF1FD9185D71970084F3EF /* Accounts.framework in Frameworks */,
				09DF1FDA185D71970084F3EF /* AdSupport.framework in Frameworks */,
				09DF1FDB185D71970084F3EF /* CFNetwork.framework in Frameworks */,
				09DF1FDC185D71970084F3EF /* CoreLocation.framework in Frameworks */,
				09DF1FDD185D71970084F3EF /* libsqlite3.dylib in Frameworks */,
				09DF1FDE185D71970084F3EF /* libz.1.1.3.dylib in Frameworks */,
				09DF1FDF185D71970084F3EF /* MobileCoreServices.framework in Frameworks */,
				09DF1FE0185D71970084F3EF /* QuartzCore.framework in Frameworks */,
				09DF1FE1185D71970084F3EF /* Security.framework in Frameworks */,
				09DF1FE2185D71970084F3EF /* Social.framework in Frameworks */,
				09DF1FE3185D71970084F3EF /* StoreKit.framework in Frameworks */,
				09DF1FE4185D71970084F3EF /* SystemConfiguration.framework in Frameworks */,
				09DF1F98185D6EC20084F3EF /* CoreGraphics.framework in Frameworks */,
				09DF1F96185D6EC20084F3EF /* Foundation.framework in Frameworks */,
				09DF1F9A185D6EC20084F3EF /* UIKit.framework in Frameworks */,
				09DF1FCC185D71040084F3EF /* AudioToolbox.framework in Frameworks */,
				09DF1FCA185D70E10084F3EF /* Parse.framework in Frameworks */,
			);
			runOnlyForDeploymentPostprocessing = 0;
		};
		09DF1FAA185D6EC20084F3EF /* Frameworks */ = {
			isa = PBXFrameworksBuildPhase;
			buildActionMask = 2147483647;
			files = (
				09DF1FAF185D6EC20084F3EF /* XCTest.framework in Frameworks */,
				09DF1FB1185D6EC20084F3EF /* UIKit.framework in Frameworks */,
				09DF1FB0185D6EC20084F3EF /* Foundation.framework in Frameworks */,
			);
			runOnlyForDeploymentPostprocessing = 0;
		};
/* End PBXFrameworksBuildPhase section */

/* Begin PBXGroup section */
		09DF1F89185D6EC20084F3EF = {
			isa = PBXGroup;
			children = (
				09DF201D185D89D10084F3EF /* TimeLine.h */,
				09DF201E185D89D10084F3EF /* TimeLine.m */,
				09DF201F185D89D10084F3EF /* TimeLine.xib */,
				09DF2018185D877D0084F3EF /* PostIssue.h */,
				09DF2019185D877D0084F3EF /* PostIssue.m */,
				09DF201A185D877D0084F3EF /* PostIssue.xib */,
				09DF1F9B185D6EC20084F3EF /* YouG */,
				09DF1FB4185D6EC20084F3EF /* YouGTests */,
				09DF1F94185D6EC20084F3EF /* Frameworks */,
				09DF1F93185D6EC20084F3EF /* Products */,
			);
			sourceTree = "<group>";
		};
		09DF1F93185D6EC20084F3EF /* Products */ = {
			isa = PBXGroup;
			children = (
				09DF1F92185D6EC20084F3EF /* YouG.app */,
				09DF1FAD185D6EC20084F3EF /* YouGTests.xctest */,
			);
			name = Products;
			sourceTree = "<group>";
		};
		09DF1F94185D6EC20084F3EF /* Frameworks */ = {
			isa = PBXGroup;
			children = (
				09DF1FCD185D71970084F3EF /* Accounts.framework */,
				09DF1FCE185D71970084F3EF /* AdSupport.framework */,
				09DF1FCF185D71970084F3EF /* CFNetwork.framework */,
				09DF1FD0185D71970084F3EF /* CoreLocation.framework */,
				09DF1FD1185D71970084F3EF /* libsqlite3.dylib */,
				09DF1FD2185D71970084F3EF /* libz.1.1.3.dylib */,
				09DF1FD3185D71970084F3EF /* MobileCoreServices.framework */,
				09DF1FD4185D71970084F3EF /* QuartzCore.framework */,
				09DF1FD5185D71970084F3EF /* Security.framework */,
				09DF1FD6185D71970084F3EF /* Social.framework */,
				09DF1FD7185D71970084F3EF /* StoreKit.framework */,
				09DF1FD8185D71970084F3EF /* SystemConfiguration.framework */,
				09DF1FCB185D71040084F3EF /* AudioToolbox.framework */,
				09DF1FC9185D70E10084F3EF /* Parse.framework */,
				09DF1F95185D6EC20084F3EF /* Foundation.framework */,
				09DF1F97185D6EC20084F3EF /* CoreGraphics.framework */,
				09DF1F99185D6EC20084F3EF /* UIKit.framework */,
				09DF1FAE185D6EC20084F3EF /* XCTest.framework */,
			);
			name = Frameworks;
			sourceTree = "<group>";
		};
		09DF1F9B185D6EC20084F3EF /* YouG */ = {
			isa = PBXGroup;
			children = (
				09DF2004185D81390084F3EF /* 1.png */,
				09DF2005185D81390084F3EF /* 2.png */,
				09DF2006185D81390084F3EF /* 3.png */,
				09DF2007185D81390084F3EF /* 4.png */,
				09DF2008185D81390084F3EF /* 5.png */,
				09DF1FA4185D6EC20084F3EF /* AppDelegate.h */,
				09DF1FA5185D6EC20084F3EF /* AppDelegate.m */,
				09DF1FA7185D6EC20084F3EF /* Images.xcassets */,
				09DF1F9C185D6EC20084F3EF /* Supporting Files */,
				09DF1FC4185D6EE80084F3EF /* graphController.h */,
				09DF1FC5185D6EE80084F3EF /* graphController.m */,
				09DF1FC6185D6EE80084F3EF /* graphController.xib */,
				09DF2013185D85000084F3EF /* tabbarcontroller.h */,
				09DF2014185D85000084F3EF /* tabbarcontroller.m */,
				09DF2015185D85000084F3EF /* tabbarcontroller.xib */,
			);
			path = YouG;
			sourceTree = "<group>";
		};
		09DF1F9C185D6EC20084F3EF /* Supporting Files */ = {
			isa = PBXGroup;
			children = (
				09DF1F9D185D6EC20084F3EF /* YouG-Info.plist */,
				09DF1F9E185D6EC20084F3EF /* InfoPlist.strings */,
				09DF1FA1185D6EC20084F3EF /* main.m */,
				09DF1FA3185D6EC20084F3EF /* YouG-Prefix.pch */,
			);
			name = "Supporting Files";
			sourceTree = "<group>";
		};
		09DF1FB4185D6EC20084F3EF /* YouGTests */ = {
			isa = PBXGroup;
			children = (
				09DF1FBA185D6EC20084F3EF /* YouGTests.m */,
				09DF1FB5185D6EC20084F3EF /* Supporting Files */,
			);
			path = YouGTests;
			sourceTree = "<group>";
		};
		09DF1FB5185D6EC20084F3EF /* Supporting Files */ = {
			isa = PBXGroup;
			children = (
				09DF1FB6185D6EC20084F3EF /* YouGTests-Info.plist */,
				09DF1FB7185D6EC20084F3EF /* InfoPlist.strings */,
			);
			name = "Supporting Files";
			sourceTree = "<group>";
		};
/* End PBXGroup section */

/* Begin PBXNativeTarget section */
		09DF1F91185D6EC20084F3EF /* YouG */ = {
			isa = PBXNativeTarget;
			buildConfigurationList = 09DF1FBE185D6EC20084F3EF /* Build configuration list for PBXNativeTarget "YouG" */;
			buildPhases = (
				09DF1F8E185D6EC20084F3EF /* Sources */,
				09DF1F8F185D6EC20084F3EF /* Frameworks */,
				09DF1F90185D6EC20084F3EF /* Resources */,
			);
			buildRules = (
			);
			dependencies = (
			);
			name = YouG;
			productName = YouG;
			productReference = 09DF1F92185D6EC20084F3EF /* YouG.app */;
			productType = "com.apple.product-type.application";
		};
		09DF1FAC185D6EC20084F3EF /* YouGTests */ = {
			isa = PBXNativeTarget;
			buildConfigurationList = 09DF1FC1185D6EC20084F3EF /* Build configuration list for PBXNativeTarget "YouGTests" */;
			buildPhases = (
				09DF1FA9185D6EC20084F3EF /* Sources */,
				09DF1FAA185D6EC20084F3EF /* Frameworks */,
				09DF1FAB185D6EC20084F3EF /* Resources */,
			);
			buildRules = (
			);
			dependencies = (
				09DF1FB3185D6EC20084F3EF /* PBXTargetDependency */,
			);
			name = YouGTests;
			productName = YouGTests;
			productReference = 09DF1FAD185D6EC20084F3EF /* YouGTests.xctest */;
			productType = "com.apple.product-type.bundle.unit-test";
		};
/* End PBXNativeTarget section */

/* Begin PBXProject section */
		09DF1F8A185D6EC20084F3EF /* Project object */ = {
			isa = PBXProject;
			attributes = {
				LastUpgradeCheck = 0500;
				ORGANIZATIONNAME = com.iKhanstudios;
				TargetAttributes = {
					09DF1FAC185D6EC20084F3EF = {
						TestTargetID = 09DF1F91185D6EC20084F3EF;
					};
				};
			};
			buildConfigurationList = 09DF1F8D185D6EC20084F3EF /* Build configuration list for PBXProject "YouG" */;
			compatibilityVersion = "Xcode 3.2";
			developmentRegion = English;
			hasScannedForEncodings = 0;
			knownRegions = (
				en,
			);
			mainGroup = 09DF1F89185D6EC20084F3EF;
			productRefGroup = 09DF1F93185D6EC20084F3EF /* Products */;
			projectDirPath = "";
			projectRoot = "";
			targets = (
				09DF1F91185D6EC20084F3EF /* YouG */,
				09DF1FAC185D6EC20084F3EF /* YouGTests */,
			);
		};
/* End PBXProject section */

/* Begin PBXResourcesBuildPhase section */
		09DF1F90185D6EC20084F3EF /* Resources */ = {
			isa = PBXResourcesBuildPhase;
			buildActionMask = 2147483647;
			files = (
				09DF200A185D81390084F3EF /* 2.png in Resources */,
				09DF2021185D89D10084F3EF /* TimeLine.xib in Resources */,
				09DF1FA0185D6EC20084F3EF /* InfoPlist.strings in Resources */,
				09DF2017185D85000084F3EF /* tabbarcontroller.xib in Resources */,
				09DF1FA8185D6EC20084F3EF /* Images.xcassets in Resources */,
				09DF200C185D81390084F3EF /* 4.png in Resources */,
				09DF1FC8185D6EE80084F3EF /* graphController.xib in Resources */,
				09DF200D185D81390084F3EF /* 5.png in Resources */,
				09DF201C185D877D0084F3EF /* PostIssue.xib in Resources */,
				09DF200B185D81390084F3EF /* 3.png in Resources */,
				09DF2009185D81390084F3EF /* 1.png in Resources */,
			);
			runOnlyForDeploymentPostprocessing = 0;
		};
		09DF1FAB185D6EC20084F3EF /* Resources */ = {
			isa = PBXResourcesBuildPhase;
			buildActionMask = 2147483647;
			files = (
				09DF1FB9185D6EC20084F3EF /* InfoPlist.strings in Resources */,
			);
			runOnlyForDeploymentPostprocessing = 0;
		};
/* End PBXResourcesBuildPhase section */

/* Begin PBXSourcesBuildPhase section */
		09DF1F8E185D6EC20084F3EF /* Sources */ = {
			isa = PBXSourcesBuildPhase;
			buildActionMask = 2147483647;
			files = (
				09DF1FC7185D6EE80084F3EF /* graphController.m in Sources */,
				09DF2016185D85000084F3EF /* tabbarcontroller.m in Sources */,
				09DF1FA6185D6EC20084F3EF /* AppDelegate.m in Sources */,
				09DF1FA2185D6EC20084F3EF /* main.m in Sources */,
				09DF2020185D89D10084F3EF /* TimeLine.m in Sources */,
				09DF201B185D877D0084F3EF /* PostIssue.m in Sources */,
			);
			runOnlyForDeploymentPostprocessing = 0;
		};
		09DF1FA9185D6EC20084F3EF /* Sources */ = {
			isa = PBXSourcesBuildPhase;
			buildActionMask = 2147483647;
			files = (
				09DF1FBB185D6EC20084F3EF /* YouGTests.m in Sources */,
			);
			runOnlyForDeploymentPostprocessing = 0;
		};
/* End PBXSourcesBuildPhase section */

/* Begin PBXTargetDependency section */
		09DF1FB3185D6EC20084F3EF /* PBXTargetDependency */ = {
			isa = PBXTargetDependency;
			target = 09DF1F91185D6EC20084F3EF /* YouG */;
			targetProxy = 09DF1FB2185D6EC20084F3EF /* PBXContainerItemProxy */;
		};
/* End PBXTargetDependency section */

/* Begin PBXVariantGroup section */
		09DF1F9E185D6EC20084F3EF /* InfoPlist.strings */ = {
			isa = PBXVariantGroup;
			children = (
				09DF1F9F185D6EC20084F3EF /* en */,
			);
			name = InfoPlist.strings;
			sourceTree = "<group>";
		};
		09DF1FB7185D6EC20084F3EF /* InfoPlist.strings */ = {
			isa = PBXVariantGroup;
			children = (
				09DF1FB8185D6EC20084F3EF /* en */,
			);
			name = InfoPlist.strings;
			sourceTree = "<group>";
		};
/* End PBXVariantGroup section */

/* Begin XCBuildConfiguration section */
		09DF1FBC185D6EC20084F3EF /* Debug */ = {
			isa = XCBuildConfiguration;
			buildSettings = {
				ALWAYS_SEARCH_USER_PATHS = NO;
				ARCHS = "$(ARCHS_STANDARD_INCLUDING_64_BIT)";
				CLANG_CXX_LANGUAGE_STANDARD = "gnu++0x";
				CLANG_CXX_LIBRARY = "libc++";
				CLANG_ENABLE_MODULES = YES;
				CLANG_ENABLE_OBJC_ARC = YES;
				CLANG_WARN_BOOL_CONVERSION = YES;
				CLANG_WARN_CONSTANT_CONVERSION = YES;
				CLANG_WARN_DIRECT_OBJC_ISA_USAGE = YES_ERROR;
				CLANG_WARN_EMPTY_BODY = YES;
				CLANG_WARN_ENUM_CONVERSION = YES;
				CLANG_WARN_INT_CONVERSION = YES;
				CLANG_WARN_OBJC_ROOT_CLASS = YES_ERROR;
				CLANG_WARN__DUPLICATE_METHOD_MATCH = YES;
				"CODE_SIGN_IDENTITY[sdk=iphoneos*]" = "iPhone Developer";
				COPY_PHASE_STRIP = NO;
				GCC_C_LANGUAGE_STANDARD = gnu99;
				GCC_DYNAMIC_NO_PIC = NO;
				GCC_OPTIMIZATION_LEVEL = 0;
				GCC_PREPROCESSOR_DEFINITIONS = (
					"DEBUG=1",
					"$(inherited)",
				);
				GCC_SYMBOLS_PRIVATE_EXTERN = NO;
				GCC_WARN_64_TO_32_BIT_CONVERSION = YES;
				GCC_WARN_ABOUT_RETURN_TYPE = YES_ERROR;
				GCC_WARN_UNDECLARED_SELECTOR = YES;
				GCC_WARN_UNINITIALIZED_AUTOS = YES;
				GCC_WARN_UNUSED_FUNCTION = YES;
				GCC_WARN_UNUSED_VARIABLE = YES;
				IPHONEOS_DEPLOYMENT_TARGET = 7.0;
				ONLY_ACTIVE_ARCH = YES;
				SDKROOT = iphoneos;
			};
			name = Debug;
		};
		09DF1FBD185D6EC20084F3EF /* Release */ = {
			isa = XCBuildConfiguration;
			buildSettings = {
				ALWAYS_SEARCH_USER_PATHS = NO;
				ARCHS = "$(ARCHS_STANDARD_INCLUDING_64_BIT)";
				CLANG_CXX_LANGUAGE_STANDARD = "gnu++0x";
				CLANG_CXX_LIBRARY = "libc++";
				CLANG_ENABLE_MODULES = YES;
				CLANG_ENABLE_OBJC_ARC = YES;
				CLANG_WARN_BOOL_CONVERSION = YES;
				CLANG_WARN_CONSTANT_CONVERSION = YES;
				CLANG_WARN_DIRECT_OBJC_ISA_USAGE = YES_ERROR;
				CLANG_WARN_EMPTY_BODY = YES;
				CLANG_WARN_ENUM_CONVERSION = YES;
				CLANG_WARN_INT_CONVERSION = YES;
				CLANG_WARN_OBJC_ROOT_CLASS = YES_ERROR;
				CLANG_WARN__DUPLICATE_METHOD_MATCH = YES;
				"CODE_SIGN_IDENTITY[sdk=iphoneos*]" = "iPhone Developer";
				COPY_PHASE_STRIP = YES;
				ENABLE_NS_ASSERTIONS = NO;
				GCC_C_LANGUAGE_STANDARD = gnu99;
				GCC_WARN_64_TO_32_BIT_CONVERSION = YES;
				GCC_WARN_ABOUT_RETURN_TYPE = YES_ERROR;
				GCC_WARN_UNDECLARED_SELECTOR = YES;
				GCC_WARN_UNINITIALIZED_AUTOS = YES;
				GCC_WARN_UNUSED_FUNCTION = YES;
				GCC_WARN_UNUSED_VARIABLE = YES;
				IPHONEOS_DEPLOYMENT_TARGET = 7.0;
				SDKROOT = iphoneos;
				VALIDATE_PRODUCT = YES;
			};
			name = Release;
		};
		09DF1FBF185D6EC20084F3EF /* Debug */ = {
			isa = XCBuildConfiguration;
			buildSettings = {
				ASSETCATALOG_COMPILER_APPICON_NAME = AppIcon;
				ASSETCATALOG_COMPILER_LAUNCHIMAGE_NAME = LaunchImage;
				FRAMEWORK_SEARCH_PATHS = (
					"$(inherited)",
					/Users/marnushkhan/Desktop/YouAsk,
				);
				GCC_PRECOMPILE_PREFIX_HEADER = YES;
				GCC_PREFIX_HEADER = "YouG/YouG-Prefix.pch";
				INFOPLIST_FILE = "YouG/YouG-Info.plist";
				PRODUCT_NAME = "$(TARGET_NAME)";
				WRAPPER_EXTENSION = app;
			};
			name = Debug;
		};
		09DF1FC0185D6EC20084F3EF /* Release */ = {
			isa = XCBuildConfiguration;
			buildSettings = {
				ASSETCATALOG_COMPILER_APPICON_NAME = AppIcon;
				ASSETCATALOG_COMPILER_LAUNCHIMAGE_NAME = LaunchImage;
				FRAMEWORK_SEARCH_PATHS = (
					"$(inherited)",
					/Users/marnushkhan/Desktop/YouAsk,
				);
				GCC_PRECOMPILE_PREFIX_HEADER = YES;
				GCC_PREFIX_HEADER = "YouG/YouG-Prefix.pch";
				INFOPLIST_FILE = "YouG/YouG-Info.plist";
				PRODUCT_NAME = "$(TARGET_NAME)";
				WRAPPER_EXTENSION = app;
			};
			name = Release;
		};
		09DF1FC2185D6EC20084F3EF /* Debug */ = {
			isa = XCBuildConfiguration;
			buildSettings = {
				ARCHS = "$(ARCHS_STANDARD_INCLUDING_64_BIT)";
				BUNDLE_LOADER = "$(BUILT_PRODUCTS_DIR)/YouG.app/YouG";
				FRAMEWORK_SEARCH_PATHS = (
					"$(SDKROOT)/Developer/Library/Frameworks",
					"$(inherited)",
					"$(DEVELOPER_FRAMEWORKS_DIR)",
				);
				GCC_PRECOMPILE_PREFIX_HEADER = YES;
				GCC_PREFIX_HEADER = "YouG/YouG-Prefix.pch";
				GCC_PREPROCESSOR_DEFINITIONS = (
					"DEBUG=1",
					"$(inherited)",
				);
				INFOPLIST_FILE = "YouGTests/YouGTests-Info.plist";
				PRODUCT_NAME = "$(TARGET_NAME)";
				TEST_HOST = "$(BUNDLE_LOADER)";
				WRAPPER_EXTENSION = xctest;
			};
			name = Debug;
		};
		09DF1FC3185D6EC20084F3EF /* Release */ = {
			isa = XCBuildConfiguration;
			buildSettings = {
				ARCHS = "$(ARCHS_STANDARD_INCLUDING_64_BIT)";
				BUNDLE_LOADER = "$(BUILT_PRODUCTS_DIR)/YouG.app/YouG";
				FRAMEWORK_SEARCH_PATHS = (
					"$(SDKROOT)/Developer/Library/Frameworks",
					"$(inherited)",
					"$(DEVELOPER_FRAMEWORKS_DIR)",
				);
				GCC_PRECOMPILE_PREFIX_HEADER = YES;
				GCC_PREFIX_HEADER = "YouG/YouG-Prefix.pch";
				INFOPLIST_FILE = "YouGTests/YouGTests-Info.plist";
				PRODUCT_NAME = "$(TARGET_NAME)";
				TEST_HOST = "$(BUNDLE_LOADER)";
				WRAPPER_EXTENSION = xctest;
			};
			name = Release;
		};
/* End XCBuildConfiguration section */

/* Begin XCConfigurationList section */
		09DF1F8D185D6EC20084F3EF /* Build configuration list for PBXProject "YouG" */ = {
			isa = XCConfigurationList;
			buildConfigurations = (
				09DF1FBC185D6EC20084F3EF /* Debug */,
				09DF1FBD185D6EC20084F3EF /* Release */,
			);
			defaultConfigurationIsVisible = 0;
			defaultConfigurationName = Release;
		};
		09DF1FBE185D6EC20084F3EF /* Build configuration list for PBXNativeTarget "YouG" */ = {
			isa = XCConfigurationList;
			buildConfigurations = (
				09DF1FBF185D6EC20084F3EF /* Debug */,
				09DF1FC0185D6EC20084F3EF /* Release */,
			);
			defaultConfigurationIsVisible = 0;
		};
		09DF1FC1185D6EC20084F3EF /* Build configuration list for PBXNativeTarget "YouGTests" */ = {
			isa = XCConfigurationList;
			buildConfigurations = (
				09DF1FC2185D6EC20084F3EF /* Debug */,
				09DF1FC3185D6EC20084F3EF /* Release */,
			);
			defaultConfigurationIsVisible = 0;
		};
/* End XCConfigurationList section */
	};
	rootObject = 09DF1F8A185D6EC20084F3EF /* Project object */;
}
